
Microsoft Visual Studio Solution File, Format Version 12.00
# Visual Studio 2012
Project("{FAE04EC0-301F-11D3-BF4B-00C04F79EFBC}") = "Couchbase.Lite", "Couchbase.Lite\Couchbase.Lite.csproj", "{18AE9E93-AF27-47A0-921C-1846941643B6}"
EndProject
Project("{FAE04EC0-301F-11D3-BF4B-00C04F79EFBC}") = "Couchbase.Lite.Tests", "Couchbase.Lite.Tests\Couchbase.Lite.Tests.csproj", "{810AD241-3FB1-4689-BF3B-A83B90DEB9E9}"
EndProject
Project("{2150E333-8FDC-42A3-9474-1A3956D46DE8}") = "Docs", "Docs", "{751921E0-F01B-4253-A973-74EA7B3DB146}"
	ProjectSection(SolutionItems) = preProject
		..\README.md = ..\README.md
	EndProjectSection
EndProject
Project("{FAE04EC0-301F-11D3-BF4B-00C04F79EFBC}") = "System.Net.Http.Formatting.Touch", "System.Net.Http.Formatting.Touch\System.Net.Http.Formatting.Touch.csproj", "{43A1E74A-B25E-4386-B800-4E181837ADDC}"
EndProject
Project("{FAE04EC0-301F-11D3-BF4B-00C04F79EFBC}") = "System.Net.Http.Formatting.Droid", "System.Net.Http.Formatting.Droid\System.Net.Http.Formatting.Droid.csproj", "{938B64CC-9C6E-44A1-A99A-15FC1339DCBB}"
EndProject
Project("{FAE04EC0-301F-11D3-BF4B-00C04F79EFBC}") = "ICSharpCode.SharpZLib.Touch", "ICSharpCode.SharpZlib.Touch\ICSharpCode.SharpZLib.Touch.csproj", "{28D0FFBC-5A7D-46DF-B966-453EE2ECCCF7}"
EndProject
Project("{FAE04EC0-301F-11D3-BF4B-00C04F79EFBC}") = "ICSharpCode.SharpZLib.Droid", "ICSharpCode.SharpZLib.Droid\ICSharpCode.SharpZLib.Droid.csproj", "{1960FCA0-6FBF-4915-B3B3-9887203CF399}"
EndProject
Project("{FAE04EC0-301F-11D3-BF4B-00C04F79EFBC}") = "Couchbase.Lite.Touch", "Couchbase.Lite.Touch\Couchbase.Lite.Touch.csproj", "{F2C2ACC0-5AC0-4EA7-8D2C-ACE2FA683845}"
EndProject
Project("{FAE04EC0-301F-11D3-BF4B-00C04F79EFBC}") = "Couchbase.Lite.Touch.Tests", "Couchbase.Lite.Touch.Tests\Couchbase.Lite.Touch.Tests.csproj", "{51834C46-A157-4E28-9E16-4D5439158BC4}"
EndProject
Project("{FAE04EC0-301F-11D3-BF4B-00C04F79EFBC}") = "Couchbase.Lite.Droid.Tests", "Couchbase.Lite.Droid.Tests\Couchbase.Lite.Droid.Tests.csproj", "{5C54FD26-A165-4F9F-942E-AC945F4D1F66}"
EndProject
Project("{FAE04EC0-301F-11D3-BF4B-00C04F79EFBC}") = "Couchbase.Lite.Droid", "Couchbase.Lite.Droid\Couchbase.Lite.Droid.csproj", "{618DF8DC-1048-4BF5-A45B-39C6C3CFC8AF}"
EndProject
Global
	GlobalSection(SolutionConfigurationPlatforms) = preSolution
		Debug|x86 = Debug|x86
		Release|x86 = Release|x86
		Debug|iPhoneSimulator = Debug|iPhoneSimulator
		Release|iPhoneSimulator = Release|iPhoneSimulator
		Debug|iPhone = Debug|iPhone
		Release|iPhone = Release|iPhone
		Ad-Hoc|iPhone = Ad-Hoc|iPhone
		AppStore|iPhone = AppStore|iPhone
	EndGlobalSection
	GlobalSection(ProjectConfigurationPlatforms) = postSolution
		{18AE9E93-AF27-47A0-921C-1846941643B6}.Ad-Hoc|iPhone.ActiveCfg = Debug|x86
		{18AE9E93-AF27-47A0-921C-1846941643B6}.Ad-Hoc|iPhone.Build.0 = Debug|x86
		{18AE9E93-AF27-47A0-921C-1846941643B6}.AppStore|iPhone.ActiveCfg = Debug|x86
		{18AE9E93-AF27-47A0-921C-1846941643B6}.AppStore|iPhone.Build.0 = Debug|x86
		{18AE9E93-AF27-47A0-921C-1846941643B6}.Debug|iPhone.ActiveCfg = Debug|x86
		{18AE9E93-AF27-47A0-921C-1846941643B6}.Debug|iPhone.Build.0 = Debug|x86
		{18AE9E93-AF27-47A0-921C-1846941643B6}.Debug|iPhoneSimulator.ActiveCfg = Debug|x86
		{18AE9E93-AF27-47A0-921C-1846941643B6}.Debug|iPhoneSimulator.Build.0 = Debug|x86
		{18AE9E93-AF27-47A0-921C-1846941643B6}.Debug|x86.ActiveCfg = Debug|x86
		{18AE9E93-AF27-47A0-921C-1846941643B6}.Debug|x86.Build.0 = Debug|x86
		{18AE9E93-AF27-47A0-921C-1846941643B6}.Release|iPhone.ActiveCfg = Release|x86
		{18AE9E93-AF27-47A0-921C-1846941643B6}.Release|iPhone.Build.0 = Release|x86
		{18AE9E93-AF27-47A0-921C-1846941643B6}.Release|iPhoneSimulator.ActiveCfg = Release|x86
		{18AE9E93-AF27-47A0-921C-1846941643B6}.Release|iPhoneSimulator.Build.0 = Release|x86
		{18AE9E93-AF27-47A0-921C-1846941643B6}.Release|x86.ActiveCfg = Release|x86
		{18AE9E93-AF27-47A0-921C-1846941643B6}.Release|x86.Build.0 = Release|x86
		{1960FCA0-6FBF-4915-B3B3-9887203CF399}.Ad-Hoc|iPhone.ActiveCfg = Debug|Any CPU
		{1960FCA0-6FBF-4915-B3B3-9887203CF399}.Ad-Hoc|iPhone.Build.0 = Debug|Any CPU
		{1960FCA0-6FBF-4915-B3B3-9887203CF399}.AppStore|iPhone.ActiveCfg = Debug|Any CPU
		{1960FCA0-6FBF-4915-B3B3-9887203CF399}.AppStore|iPhone.Build.0 = Debug|Any CPU
		{1960FCA0-6FBF-4915-B3B3-9887203CF399}.Debug|iPhone.ActiveCfg = Debug|Any CPU
		{1960FCA0-6FBF-4915-B3B3-9887203CF399}.Debug|iPhone.Build.0 = Debug|Any CPU
		{1960FCA0-6FBF-4915-B3B3-9887203CF399}.Debug|iPhoneSimulator.ActiveCfg = Debug|Any CPU
		{1960FCA0-6FBF-4915-B3B3-9887203CF399}.Debug|iPhoneSimulator.Build.0 = Debug|Any CPU
		{1960FCA0-6FBF-4915-B3B3-9887203CF399}.Debug|x86.ActiveCfg = Debug|Any CPU
		{1960FCA0-6FBF-4915-B3B3-9887203CF399}.Debug|x86.Build.0 = Debug|Any CPU
		{1960FCA0-6FBF-4915-B3B3-9887203CF399}.Release|iPhone.ActiveCfg = Release|Any CPU
		{1960FCA0-6FBF-4915-B3B3-9887203CF399}.Release|iPhone.Build.0 = Release|Any CPU
		{1960FCA0-6FBF-4915-B3B3-9887203CF399}.Release|iPhoneSimulator.ActiveCfg = Release|Any CPU
		{1960FCA0-6FBF-4915-B3B3-9887203CF399}.Release|iPhoneSimulator.Build.0 = Release|Any CPU
		{1960FCA0-6FBF-4915-B3B3-9887203CF399}.Release|x86.ActiveCfg = Release|Any CPU
		{1960FCA0-6FBF-4915-B3B3-9887203CF399}.Release|x86.Build.0 = Release|Any CPU
		{28D0FFBC-5A7D-46DF-B966-453EE2ECCCF7}.Ad-Hoc|iPhone.ActiveCfg = Debug|Any CPU
		{28D0FFBC-5A7D-46DF-B966-453EE2ECCCF7}.Ad-Hoc|iPhone.Build.0 = Debug|Any CPU
		{28D0FFBC-5A7D-46DF-B966-453EE2ECCCF7}.AppStore|iPhone.ActiveCfg = Debug|Any CPU
		{28D0FFBC-5A7D-46DF-B966-453EE2ECCCF7}.AppStore|iPhone.Build.0 = Debug|Any CPU
		{28D0FFBC-5A7D-46DF-B966-453EE2ECCCF7}.Debug|iPhone.ActiveCfg = Debug|Any CPU
		{28D0FFBC-5A7D-46DF-B966-453EE2ECCCF7}.Debug|iPhone.Build.0 = Debug|Any CPU
		{28D0FFBC-5A7D-46DF-B966-453EE2ECCCF7}.Debug|iPhoneSimulator.ActiveCfg = Debug|Any CPU
		{28D0FFBC-5A7D-46DF-B966-453EE2ECCCF7}.Debug|iPhoneSimulator.Build.0 = Debug|Any CPU
		{28D0FFBC-5A7D-46DF-B966-453EE2ECCCF7}.Debug|x86.ActiveCfg = Debug|Any CPU
		{28D0FFBC-5A7D-46DF-B966-453EE2ECCCF7}.Debug|x86.Build.0 = Debug|Any CPU
		{28D0FFBC-5A7D-46DF-B966-453EE2ECCCF7}.Release|iPhone.ActiveCfg = Release|Any CPU
		{28D0FFBC-5A7D-46DF-B966-453EE2ECCCF7}.Release|iPhone.Build.0 = Release|Any CPU
		{28D0FFBC-5A7D-46DF-B966-453EE2ECCCF7}.Release|iPhoneSimulator.ActiveCfg = Release|Any CPU
		{28D0FFBC-5A7D-46DF-B966-453EE2ECCCF7}.Release|iPhoneSimulator.Build.0 = Release|Any CPU
		{28D0FFBC-5A7D-46DF-B966-453EE2ECCCF7}.Release|x86.ActiveCfg = Release|Any CPU
		{28D0FFBC-5A7D-46DF-B966-453EE2ECCCF7}.Release|x86.Build.0 = Release|Any CPU
		{43A1E74A-B25E-4386-B800-4E181837ADDC}.Ad-Hoc|iPhone.ActiveCfg = Debug|Any CPU
		{43A1E74A-B25E-4386-B800-4E181837ADDC}.Ad-Hoc|iPhone.Build.0 = Debug|Any CPU
		{43A1E74A-B25E-4386-B800-4E181837ADDC}.AppStore|iPhone.ActiveCfg = Debug|Any CPU
		{43A1E74A-B25E-4386-B800-4E181837ADDC}.AppStore|iPhone.Build.0 = Debug|Any CPU
		{43A1E74A-B25E-4386-B800-4E181837ADDC}.Debug|iPhone.ActiveCfg = Debug|Any CPU
		{43A1E74A-B25E-4386-B800-4E181837ADDC}.Debug|iPhone.Build.0 = Debug|Any CPU
		{43A1E74A-B25E-4386-B800-4E181837ADDC}.Debug|iPhoneSimulator.ActiveCfg = Debug|Any CPU
		{43A1E74A-B25E-4386-B800-4E181837ADDC}.Debug|iPhoneSimulator.Build.0 = Debug|Any CPU
		{43A1E74A-B25E-4386-B800-4E181837ADDC}.Debug|x86.ActiveCfg = Debug|Any CPU
		{43A1E74A-B25E-4386-B800-4E181837ADDC}.Debug|x86.Build.0 = Debug|Any CPU
		{43A1E74A-B25E-4386-B800-4E181837ADDC}.Release|iPhone.ActiveCfg = Release|Any CPU
		{43A1E74A-B25E-4386-B800-4E181837ADDC}.Release|iPhone.Build.0 = Release|Any CPU
		{43A1E74A-B25E-4386-B800-4E181837ADDC}.Release|iPhoneSimulator.ActiveCfg = Release|Any CPU
		{43A1E74A-B25E-4386-B800-4E181837ADDC}.Release|iPhoneSimulator.Build.0 = Release|Any CPU
		{43A1E74A-B25E-4386-B800-4E181837ADDC}.Release|x86.ActiveCfg = Release|Any CPU
		{43A1E74A-B25E-4386-B800-4E181837ADDC}.Release|x86.Build.0 = Release|Any CPU
		{51834C46-A157-4E28-9E16-4D5439158BC4}.Ad-Hoc|iPhone.ActiveCfg = Ad-Hoc|iPhone
		{51834C46-A157-4E28-9E16-4D5439158BC4}.Ad-Hoc|iPhone.Build.0 = Ad-Hoc|iPhone
		{51834C46-A157-4E28-9E16-4D5439158BC4}.AppStore|iPhone.ActiveCfg = AppStore|iPhone
		{51834C46-A157-4E28-9E16-4D5439158BC4}.AppStore|iPhone.Build.0 = AppStore|iPhone
		{51834C46-A157-4E28-9E16-4D5439158BC4}.Debug|iPhone.ActiveCfg = Debug|iPhone
		{51834C46-A157-4E28-9E16-4D5439158BC4}.Debug|iPhone.Build.0 = Debug|iPhone
		{51834C46-A157-4E28-9E16-4D5439158BC4}.Debug|iPhoneSimulator.ActiveCfg = Debug|iPhoneSimulator
		{51834C46-A157-4E28-9E16-4D5439158BC4}.Debug|iPhoneSimulator.Build.0 = Debug|iPhoneSimulator
		{51834C46-A157-4E28-9E16-4D5439158BC4}.Debug|x86.ActiveCfg = Debug|iPhoneSimulator
		{51834C46-A157-4E28-9E16-4D5439158BC4}.Debug|x86.Build.0 = Debug|iPhoneSimulator
		{51834C46-A157-4E28-9E16-4D5439158BC4}.Release|iPhone.ActiveCfg = Release|iPhone
		{51834C46-A157-4E28-9E16-4D5439158BC4}.Release|iPhone.Build.0 = Release|iPhone
		{51834C46-A157-4E28-9E16-4D5439158BC4}.Release|iPhoneSimulator.ActiveCfg = Release|iPhoneSimulator
		{51834C46-A157-4E28-9E16-4D5439158BC4}.Release|iPhoneSimulator.Build.0 = Release|iPhoneSimulator
		{51834C46-A157-4E28-9E16-4D5439158BC4}.Release|x86.ActiveCfg = Release|iPhoneSimulator
		{51834C46-A157-4E28-9E16-4D5439158BC4}.Release|x86.Build.0 = Release|iPhoneSimulator
		{5C54FD26-A165-4F9F-942E-AC945F4D1F66}.Ad-Hoc|iPhone.ActiveCfg = Debug|Any CPU
		{5C54FD26-A165-4F9F-942E-AC945F4D1F66}.Ad-Hoc|iPhone.Build.0 = Debug|Any CPU
		{5C54FD26-A165-4F9F-942E-AC945F4D1F66}.AppStore|iPhone.ActiveCfg = Debug|Any CPU
		{5C54FD26-A165-4F9F-942E-AC945F4D1F66}.AppStore|iPhone.Build.0 = Debug|Any CPU
		{5C54FD26-A165-4F9F-942E-AC945F4D1F66}.Debug|iPhone.ActiveCfg = Debug|Any CPU
		{5C54FD26-A165-4F9F-942E-AC945F4D1F66}.Debug|iPhone.Build.0 = Debug|Any CPU
		{5C54FD26-A165-4F9F-942E-AC945F4D1F66}.Debug|iPhoneSimulator.ActiveCfg = Debug|Any CPU
		{5C54FD26-A165-4F9F-942E-AC945F4D1F66}.Debug|iPhoneSimulator.Build.0 = Debug|Any CPU
		{5C54FD26-A165-4F9F-942E-AC945F4D1F66}.Debug|x86.ActiveCfg = Debug|Any CPU
		{5C54FD26-A165-4F9F-942E-AC945F4D1F66}.Debug|x86.Build.0 = Debug|Any CPU
		{5C54FD26-A165-4F9F-942E-AC945F4D1F66}.Release|iPhone.ActiveCfg = Release|Any CPU
		{5C54FD26-A165-4F9F-942E-AC945F4D1F66}.Release|iPhone.Build.0 = Release|Any CPU
		{5C54FD26-A165-4F9F-942E-AC945F4D1F66}.Release|iPhoneSimulator.ActiveCfg = Release|Any CPU
		{5C54FD26-A165-4F9F-942E-AC945F4D1F66}.Release|iPhoneSimulator.Build.0 = Release|Any CPU
		{5C54FD26-A165-4F9F-942E-AC945F4D1F66}.Release|x86.ActiveCfg = Release|Any CPU
		{5C54FD26-A165-4F9F-942E-AC945F4D1F66}.Release|x86.Build.0 = Release|Any CPU
		{618DF8DC-1048-4BF5-A45B-39C6C3CFC8AF}.Ad-Hoc|iPhone.ActiveCfg = Debug|Any CPU
		{618DF8DC-1048-4BF5-A45B-39C6C3CFC8AF}.Ad-Hoc|iPhone.Build.0 = Debug|Any CPU
		{618DF8DC-1048-4BF5-A45B-39C6C3CFC8AF}.AppStore|iPhone.ActiveCfg = Debug|Any CPU
		{618DF8DC-1048-4BF5-A45B-39C6C3CFC8AF}.AppStore|iPhone.Build.0 = Debug|Any CPU
		{618DF8DC-1048-4BF5-A45B-39C6C3CFC8AF}.Debug|iPhone.ActiveCfg = Debug|Any CPU
		{618DF8DC-1048-4BF5-A45B-39C6C3CFC8AF}.Debug|iPhone.Build.0 = Debug|Any CPU
		{618DF8DC-1048-4BF5-A45B-39C6C3CFC8AF}.Debug|iPhoneSimulator.ActiveCfg = Debug|Any CPU
		{618DF8DC-1048-4BF5-A45B-39C6C3CFC8AF}.Debug|iPhoneSimulator.Build.0 = Debug|Any CPU
		{618DF8DC-1048-4BF5-A45B-39C6C3CFC8AF}.Debug|x86.ActiveCfg = Debug|Any CPU
		{618DF8DC-1048-4BF5-A45B-39C6C3CFC8AF}.Debug|x86.Build.0 = Debug|Any CPU
		{618DF8DC-1048-4BF5-A45B-39C6C3CFC8AF}.Release|iPhone.ActiveCfg = Release|Any CPU
		{618DF8DC-1048-4BF5-A45B-39C6C3CFC8AF}.Release|iPhone.Build.0 = Release|Any CPU
		{618DF8DC-1048-4BF5-A45B-39C6C3CFC8AF}.Release|iPhoneSimulator.ActiveCfg = Release|Any CPU
		{618DF8DC-1048-4BF5-A45B-39C6C3CFC8AF}.Release|iPhoneSimulator.Build.0 = Release|Any CPU
		{618DF8DC-1048-4BF5-A45B-39C6C3CFC8AF}.Release|x86.ActiveCfg = Release|Any CPU
		{618DF8DC-1048-4BF5-A45B-39C6C3CFC8AF}.Release|x86.Build.0 = Release|Any CPU
		{810AD241-3FB1-4689-BF3B-A83B90DEB9E9}.Ad-Hoc|iPhone.ActiveCfg = Debug|Any CPU
		{810AD241-3FB1-4689-BF3B-A83B90DEB9E9}.Ad-Hoc|iPhone.Build.0 = Debug|Any CPU
		{810AD241-3FB1-4689-BF3B-A83B90DEB9E9}.AppStore|iPhone.ActiveCfg = Debug|Any CPU
		{810AD241-3FB1-4689-BF3B-A83B90DEB9E9}.AppStore|iPhone.Build.0 = Debug|Any CPU
		{810AD241-3FB1-4689-BF3B-A83B90DEB9E9}.Debug|iPhone.ActiveCfg = Debug|Any CPU
		{810AD241-3FB1-4689-BF3B-A83B90DEB9E9}.Debug|iPhone.Build.0 = Debug|Any CPU
		{810AD241-3FB1-4689-BF3B-A83B90DEB9E9}.Debug|iPhoneSimulator.ActiveCfg = Debug|Any CPU
		{810AD241-3FB1-4689-BF3B-A83B90DEB9E9}.Debug|iPhoneSimulator.Build.0 = Debug|Any CPU
		{810AD241-3FB1-4689-BF3B-A83B90DEB9E9}.Debug|x86.ActiveCfg = Debug|Any CPU
		{810AD241-3FB1-4689-BF3B-A83B90DEB9E9}.Debug|x86.Build.0 = Debug|Any CPU
		{810AD241-3FB1-4689-BF3B-A83B90DEB9E9}.Release|iPhone.ActiveCfg = Release|Any CPU
		{810AD241-3FB1-4689-BF3B-A83B90DEB9E9}.Release|iPhone.Build.0 = Release|Any CPU
		{810AD241-3FB1-4689-BF3B-A83B90DEB9E9}.Release|iPhoneSimulator.ActiveCfg = Release|Any CPU
		{810AD241-3FB1-4689-BF3B-A83B90DEB9E9}.Release|iPhoneSimulator.Build.0 = Release|Any CPU
		{810AD241-3FB1-4689-BF3B-A83B90DEB9E9}.Release|x86.ActiveCfg = Release|Any CPU
		{810AD241-3FB1-4689-BF3B-A83B90DEB9E9}.Release|x86.Build.0 = Release|Any CPU
		{938B64CC-9C6E-44A1-A99A-15FC1339DCBB}.Ad-Hoc|iPhone.ActiveCfg = Debug|Any CPU
		{938B64CC-9C6E-44A1-A99A-15FC1339DCBB}.Ad-Hoc|iPhone.Build.0 = Debug|Any CPU
		{938B64CC-9C6E-44A1-A99A-15FC1339DCBB}.AppStore|iPhone.ActiveCfg = Debug|Any CPU
		{938B64CC-9C6E-44A1-A99A-15FC1339DCBB}.AppStore|iPhone.Build.0 = Debug|Any CPU
		{938B64CC-9C6E-44A1-A99A-15FC1339DCBB}.Debug|iPhone.ActiveCfg = Debug|Any CPU
		{938B64CC-9C6E-44A1-A99A-15FC1339DCBB}.Debug|iPhone.Build.0 = Debug|Any CPU
		{938B64CC-9C6E-44A1-A99A-15FC1339DCBB}.Debug|iPhoneSimulator.ActiveCfg = Debug|Any CPU
		{938B64CC-9C6E-44A1-A99A-15FC1339DCBB}.Debug|iPhoneSimulator.Build.0 = Debug|Any CPU
		{938B64CC-9C6E-44A1-A99A-15FC1339DCBB}.Debug|x86.ActiveCfg = Debug|Any CPU
		{938B64CC-9C6E-44A1-A99A-15FC1339DCBB}.Debug|x86.Build.0 = Debug|Any CPU
		{938B64CC-9C6E-44A1-A99A-15FC1339DCBB}.Release|iPhone.ActiveCfg = Release|Any CPU
		{938B64CC-9C6E-44A1-A99A-15FC1339DCBB}.Release|iPhone.Build.0 = Release|Any CPU
		{938B64CC-9C6E-44A1-A99A-15FC1339DCBB}.Release|iPhoneSimulator.ActiveCfg = Release|Any CPU
		{938B64CC-9C6E-44A1-A99A-15FC1339DCBB}.Release|iPhoneSimulator.Build.0 = Release|Any CPU
		{938B64CC-9C6E-44A1-A99A-15FC1339DCBB}.Release|x86.ActiveCfg = Release|Any CPU
		{938B64CC-9C6E-44A1-A99A-15FC1339DCBB}.Release|x86.Build.0 = Release|Any CPU
		{F2C2ACC0-5AC0-4EA7-8D2C-ACE2FA683845}.Ad-Hoc|iPhone.ActiveCfg = Debug|Any CPU
		{F2C2ACC0-5AC0-4EA7-8D2C-ACE2FA683845}.Ad-Hoc|iPhone.Build.0 = Debug|Any CPU
		{F2C2ACC0-5AC0-4EA7-8D2C-ACE2FA683845}.AppStore|iPhone.ActiveCfg = Debug|Any CPU
		{F2C2ACC0-5AC0-4EA7-8D2C-ACE2FA683845}.AppStore|iPhone.Build.0 = Debug|Any CPU
		{F2C2ACC0-5AC0-4EA7-8D2C-ACE2FA683845}.Debug|iPhone.ActiveCfg = Debug|Any CPU
		{F2C2ACC0-5AC0-4EA7-8D2C-ACE2FA683845}.Debug|iPhone.Build.0 = Debug|Any CPU
		{F2C2ACC0-5AC0-4EA7-8D2C-ACE2FA683845}.Debug|iPhoneSimulator.ActiveCfg = Debug|Any CPU
		{F2C2ACC0-5AC0-4EA7-8D2C-ACE2FA683845}.Debug|iPhoneSimulator.Build.0 = Debug|Any CPU
		{F2C2ACC0-5AC0-4EA7-8D2C-ACE2FA683845}.Debug|x86.ActiveCfg = Debug|Any CPU
		{F2C2ACC0-5AC0-4EA7-8D2C-ACE2FA683845}.Debug|x86.Build.0 = Debug|Any CPU
		{F2C2ACC0-5AC0-4EA7-8D2C-ACE2FA683845}.Release|iPhone.ActiveCfg = Release|Any CPU
		{F2C2ACC0-5AC0-4EA7-8D2C-ACE2FA683845}.Release|iPhone.Build.0 = Release|Any CPU
		{F2C2ACC0-5AC0-4EA7-8D2C-ACE2FA683845}.Release|iPhoneSimulator.ActiveCfg = Release|Any CPU
		{F2C2ACC0-5AC0-4EA7-8D2C-ACE2FA683845}.Release|iPhoneSimulator.Build.0 = Release|Any CPU
		{F2C2ACC0-5AC0-4EA7-8D2C-ACE2FA683845}.Release|x86.ActiveCfg = Release|Any CPU
		{F2C2ACC0-5AC0-4EA7-8D2C-ACE2FA683845}.Release|x86.Build.0 = Release|Any CPU
	EndGlobalSection
	GlobalSection(NestedProjects) = preSolution
	EndGlobalSection
	GlobalSection(MonoDevelopProperties) = preSolution
		StartupItem = Couchbase.Lite\Couchbase.Lite.csproj
	EndGlobalSection
EndGlobal
